
Microsoft Visual Studio Solution File, Format Version 12.00
# Visual Studio 2012
Project("{8BC9CEB8-8B4A-11D0-8D11-00A0C91BC942}") = "Project3", "Project3\Project3.vcxproj", "{DAC79CF6-C07D-4146-B914-3776811A3AEB}"
EndProject
Global
	GlobalSection(SolutionConfigurationPlatforms) = preSolution
		Debug|Win32 = Debug|Win32
		Release|Win32 = Release|Win32
	EndGlobalSection
	GlobalSection(ProjectConfigurationPlatforms) = postSolution
		{DAC79CF6-C07D-4146-B914-3776811A3AEB}.Debug|Win32.ActiveCfg = Debug|Win32
		{DAC79CF6-C07D-4146-B914-3776811A3AEB}.Debug|Win32.Build.0 = Debug|Win32
		{DAC79CF6-C07D-4146-B914-3776811A3AEB}.Release|Win32.ActiveCfg = Release|Win32
		{DAC79CF6-C07D-4146-B914-3776811A3AEB}.Release|Win32.Build.0 = Release|Win32
	EndGlobalSection
	GlobalSection(SolutionProperties) = preSolution
		HideSolutionNode = FALSE
	EndGlobalSection
EndGlobal
